
Microsoft Visual Studio Solution File, Format Version 12.00
# Visual Studio Version 17
VisualStudioVersion = 17.13.35931.197 d17.13
MinimumVisualStudioVersion = 10.0.40219.1
Project("{888888A0-9F3D-457C-B088-3A5042F75D52}") = "ADE_V06_01_R1", "ADE_V06_01_R1.pyproj", "{D981C1F8-D54E-482B-84E2-A45BC09CF9FF}"
EndProject
Global
	GlobalSection(SolutionConfigurationPlatforms) = preSolution
		Debug|Any CPU = Debug|Any CPU
		Release|Any CPU = Release|Any CPU
	EndGlobalSection
	GlobalSection(ProjectConfigurationPlatforms) = postSolution
		{D981C1F8-D54E-482B-84E2-A45BC09CF9FF}.Debug|Any CPU.ActiveCfg = Debug|Any CPU
		{D981C1F8-D54E-482B-84E2-A45BC09CF9FF}.Release|Any CPU.ActiveCfg = Release|Any CPU
	EndGlobalSection
	GlobalSection(SolutionProperties) = preSolution
		HideSolutionNode = FALSE
	EndGlobalSection
	GlobalSection(ExtensibilityGlobals) = postSolution
		SolutionGuid = {667181E9-675A-4FE0-A6F1-7EB58E1D324C}
	EndGlobalSection
EndGlobal
